
Microsoft Visual Studio Solution File, Format Version 12.00
Project("{2150E333-8FDC-42A3-9474-1A3956D46DE8}") = "Identity", "Identity", "{473D9E9B-01D9-41B3-8BC5-88D8EA08118E}"
EndProject
Project("{FAE04EC0-301F-11D3-BF4B-00C04F79EFBC}") = "Identity.Domain", "Identity\Identity.Domain\Identity.Domain.csproj", "{D612DDFB-D038-498A-9939-3D97F79E1055}"
EndProject
Project("{FAE04EC0-301F-11D3-BF4B-00C04F79EFBC}") = "Identity.Infrastructure", "Identity\Identity.Infrastructure\Identity.Infrastructure.csproj", "{196184FD-DE41-4023-9EE2-2B281D644220}"
EndProject
Project("{FAE04EC0-301F-11D3-BF4B-00C04F79EFBC}") = "Identity.Application", "Identity\Identity.Application\Identity.Application.csproj", "{119B0DC8-2EB9-449D-945D-133643ED19AF}"
EndProject
Project("{FAE04EC0-301F-11D3-BF4B-00C04F79EFBC}") = "Identity.ApplicatinContract", "Identity\Identity.ApplicatinContract\Identity.ApplicatinContract.csproj", "{06ADBFA9-B4B0-45C0-91F8-73238DFABAA1}"
EndProject
Project("{FAE04EC0-301F-11D3-BF4B-00C04F79EFBC}") = "Identity.API", "Identity\Identity.API\Identity.API.csproj", "{B3A5AD36-4053-45E3-8E31-498AD91AE6F4}"
EndProject
Project("{2150E333-8FDC-42A3-9474-1A3956D46DE8}") = "Emails", "Emails", "{DC06588B-FE39-4E2B-8EF9-3FC225FC638E}"
EndProject
Project("{FAE04EC0-301F-11D3-BF4B-00C04F79EFBC}") = "Emails.Domain", "Emails\Emails.Domain\Emails.Domain.csproj", "{8E207BD9-6F4C-46E7-A0DC-CB92E054364E}"
EndProject
Project("{FAE04EC0-301F-11D3-BF4B-00C04F79EFBC}") = "Emails.Infrastructure", "Emails\Emails.Infrastructure\Emails.Infrastructure.csproj", "{0E55FB39-C3F9-4A32-AA8F-95474A40C99A}"
EndProject
Project("{FAE04EC0-301F-11D3-BF4B-00C04F79EFBC}") = "Emails.Application", "Emails\Emails.Application\Emails.Application.csproj", "{6E9B324C-A49A-4160-AA4E-79FD7DF7B4D5}"
EndProject
Project("{FAE04EC0-301F-11D3-BF4B-00C04F79EFBC}") = "Emails.ApplicationContract", "Emails\Emails.ApplicationContract\Emails.ApplicationContract.csproj", "{785191C7-D009-48AB-A9C2-3ADCA27111EA}"
EndProject
Project("{2150E333-8FDC-42A3-9474-1A3956D46DE8}") = "Organization", "Organization", "{8F014B90-03CA-4A20-9BEF-762908FD7F54}"
EndProject
Project("{FAE04EC0-301F-11D3-BF4B-00C04F79EFBC}") = "Organization.Domain", "Organization\Organization.Domain\Organization.Domain.csproj", "{1C52AD31-0305-44B3-88F6-2F8635662008}"
EndProject
Project("{FAE04EC0-301F-11D3-BF4B-00C04F79EFBC}") = "Organization.Infrastructure", "Organization\Organization.Infrastructure\Organization.Infrastructure.csproj", "{05BD88A8-88E2-41EB-BDD2-CACB9E3CC916}"
EndProject
Project("{FAE04EC0-301F-11D3-BF4B-00C04F79EFBC}") = "Organization.Application", "Organization\Organization.Application\Organization.Application.csproj", "{EE436848-0BA8-4536-AAF0-54B73B295706}"
EndProject
Project("{FAE04EC0-301F-11D3-BF4B-00C04F79EFBC}") = "Organization.ApplicationContract", "Organization\Organization.ApplicationContract\Organization.ApplicationContract.csproj", "{F96DF022-57DD-488F-AD3C-2FBECA3DAA88}"
EndProject
Project("{FAE04EC0-301F-11D3-BF4B-00C04F79EFBC}") = "Emails.API", "Emails\Emails.API\Emails.API.csproj", "{5055672E-F7B3-4343-B619-A967E31227D5}"
EndProject
Project("{FAE04EC0-301F-11D3-BF4B-00C04F79EFBC}") = "Organization.API", "Organization\Organization.API\Organization.API.csproj", "{BCA03050-A8AD-4AED-BCA6-22646253000C}"
EndProject
Project("{2150E333-8FDC-42A3-9474-1A3956D46DE8}") = "Notifications", "Notifications", "{558ED0AB-7D28-4BDD-A9C8-43D83F4473F2}"
EndProject
Project("{FAE04EC0-301F-11D3-BF4B-00C04F79EFBC}") = "Notifications.Domain", "Notifications\Notifications.Domain\Notifications.Domain.csproj", "{E5BF23D5-42F3-45DA-B234-8FA003D483FB}"
EndProject
Project("{FAE04EC0-301F-11D3-BF4B-00C04F79EFBC}") = "Notifications.Application", "Notifications\Notifications.Application\Notifications.Application.csproj", "{F346082E-83FC-4EAF-85CD-0745958D50EA}"
EndProject
Project("{FAE04EC0-301F-11D3-BF4B-00C04F79EFBC}") = "Notifications.Infrastructure", "Notifications\Notifications.Infrastructure\Notifications.Infrastructure.csproj", "{E09A8C32-9047-4A50-A4D7-08F02E88E03C}"
EndProject
Project("{FAE04EC0-301F-11D3-BF4B-00C04F79EFBC}") = "Notifications.ApplicationContract", "Notifications\Notifications.ApplicationContract\Notifications.ApplicationContract.csproj", "{B007486E-559F-4B9F-B14A-AD9485553E8D}"
EndProject
Project("{FAE04EC0-301F-11D3-BF4B-00C04F79EFBC}") = "Notifications.API", "Notifications\Notifications.API\Notifications.API.csproj", "{C75A2C59-6D68-44D1-8B39-D82C1D940C14}"
EndProject
Global
	GlobalSection(SolutionConfigurationPlatforms) = preSolution
		Debug|Any CPU = Debug|Any CPU
		Release|Any CPU = Release|Any CPU
	EndGlobalSection
	GlobalSection(NestedProjects) = preSolution
		{D612DDFB-D038-498A-9939-3D97F79E1055} = {473D9E9B-01D9-41B3-8BC5-88D8EA08118E}
		{196184FD-DE41-4023-9EE2-2B281D644220} = {473D9E9B-01D9-41B3-8BC5-88D8EA08118E}
		{119B0DC8-2EB9-449D-945D-133643ED19AF} = {473D9E9B-01D9-41B3-8BC5-88D8EA08118E}
		{06ADBFA9-B4B0-45C0-91F8-73238DFABAA1} = {473D9E9B-01D9-41B3-8BC5-88D8EA08118E}
		{B3A5AD36-4053-45E3-8E31-498AD91AE6F4} = {473D9E9B-01D9-41B3-8BC5-88D8EA08118E}
		{8E207BD9-6F4C-46E7-A0DC-CB92E054364E} = {DC06588B-FE39-4E2B-8EF9-3FC225FC638E}
		{0E55FB39-C3F9-4A32-AA8F-95474A40C99A} = {DC06588B-FE39-4E2B-8EF9-3FC225FC638E}
		{6E9B324C-A49A-4160-AA4E-79FD7DF7B4D5} = {DC06588B-FE39-4E2B-8EF9-3FC225FC638E}
		{785191C7-D009-48AB-A9C2-3ADCA27111EA} = {DC06588B-FE39-4E2B-8EF9-3FC225FC638E}
		{1C52AD31-0305-44B3-88F6-2F8635662008} = {8F014B90-03CA-4A20-9BEF-762908FD7F54}
		{05BD88A8-88E2-41EB-BDD2-CACB9E3CC916} = {8F014B90-03CA-4A20-9BEF-762908FD7F54}
		{EE436848-0BA8-4536-AAF0-54B73B295706} = {8F014B90-03CA-4A20-9BEF-762908FD7F54}
		{F96DF022-57DD-488F-AD3C-2FBECA3DAA88} = {8F014B90-03CA-4A20-9BEF-762908FD7F54}
		{5055672E-F7B3-4343-B619-A967E31227D5} = {DC06588B-FE39-4E2B-8EF9-3FC225FC638E}
		{BCA03050-A8AD-4AED-BCA6-22646253000C} = {8F014B90-03CA-4A20-9BEF-762908FD7F54}
		{E5BF23D5-42F3-45DA-B234-8FA003D483FB} = {558ED0AB-7D28-4BDD-A9C8-43D83F4473F2}
		{F346082E-83FC-4EAF-85CD-0745958D50EA} = {558ED0AB-7D28-4BDD-A9C8-43D83F4473F2}
		{E09A8C32-9047-4A50-A4D7-08F02E88E03C} = {558ED0AB-7D28-4BDD-A9C8-43D83F4473F2}
		{B007486E-559F-4B9F-B14A-AD9485553E8D} = {558ED0AB-7D28-4BDD-A9C8-43D83F4473F2}
		{C75A2C59-6D68-44D1-8B39-D82C1D940C14} = {558ED0AB-7D28-4BDD-A9C8-43D83F4473F2}
	EndGlobalSection
	GlobalSection(ProjectConfigurationPlatforms) = postSolution
		{D612DDFB-D038-498A-9939-3D97F79E1055}.Debug|Any CPU.ActiveCfg = Debug|Any CPU
		{D612DDFB-D038-498A-9939-3D97F79E1055}.Debug|Any CPU.Build.0 = Debug|Any CPU
		{D612DDFB-D038-498A-9939-3D97F79E1055}.Release|Any CPU.ActiveCfg = Release|Any CPU
		{D612DDFB-D038-498A-9939-3D97F79E1055}.Release|Any CPU.Build.0 = Release|Any CPU
		{196184FD-DE41-4023-9EE2-2B281D644220}.Debug|Any CPU.ActiveCfg = Debug|Any CPU
		{196184FD-DE41-4023-9EE2-2B281D644220}.Debug|Any CPU.Build.0 = Debug|Any CPU
		{196184FD-DE41-4023-9EE2-2B281D644220}.Release|Any CPU.ActiveCfg = Release|Any CPU
		{196184FD-DE41-4023-9EE2-2B281D644220}.Release|Any CPU.Build.0 = Release|Any CPU
		{119B0DC8-2EB9-449D-945D-133643ED19AF}.Debug|Any CPU.ActiveCfg = Debug|Any CPU
		{119B0DC8-2EB9-449D-945D-133643ED19AF}.Debug|Any CPU.Build.0 = Debug|Any CPU
		{119B0DC8-2EB9-449D-945D-133643ED19AF}.Release|Any CPU.ActiveCfg = Release|Any CPU
		{119B0DC8-2EB9-449D-945D-133643ED19AF}.Release|Any CPU.Build.0 = Release|Any CPU
		{06ADBFA9-B4B0-45C0-91F8-73238DFABAA1}.Debug|Any CPU.ActiveCfg = Debug|Any CPU
		{06ADBFA9-B4B0-45C0-91F8-73238DFABAA1}.Debug|Any CPU.Build.0 = Debug|Any CPU
		{06ADBFA9-B4B0-45C0-91F8-73238DFABAA1}.Release|Any CPU.ActiveCfg = Release|Any CPU
		{06ADBFA9-B4B0-45C0-91F8-73238DFABAA1}.Release|Any CPU.Build.0 = Release|Any CPU
		{B3A5AD36-4053-45E3-8E31-498AD91AE6F4}.Debug|Any CPU.ActiveCfg = Debug|Any CPU
		{B3A5AD36-4053-45E3-8E31-498AD91AE6F4}.Debug|Any CPU.Build.0 = Debug|Any CPU
		{B3A5AD36-4053-45E3-8E31-498AD91AE6F4}.Release|Any CPU.ActiveCfg = Release|Any CPU
		{B3A5AD36-4053-45E3-8E31-498AD91AE6F4}.Release|Any CPU.Build.0 = Release|Any CPU
		{8E207BD9-6F4C-46E7-A0DC-CB92E054364E}.Debug|Any CPU.ActiveCfg = Debug|Any CPU
		{8E207BD9-6F4C-46E7-A0DC-CB92E054364E}.Debug|Any CPU.Build.0 = Debug|Any CPU
		{8E207BD9-6F4C-46E7-A0DC-CB92E054364E}.Release|Any CPU.ActiveCfg = Release|Any CPU
		{8E207BD9-6F4C-46E7-A0DC-CB92E054364E}.Release|Any CPU.Build.0 = Release|Any CPU
		{0E55FB39-C3F9-4A32-AA8F-95474A40C99A}.Debug|Any CPU.ActiveCfg = Debug|Any CPU
		{0E55FB39-C3F9-4A32-AA8F-95474A40C99A}.Debug|Any CPU.Build.0 = Debug|Any CPU
		{0E55FB39-C3F9-4A32-AA8F-95474A40C99A}.Release|Any CPU.ActiveCfg = Release|Any CPU
		{0E55FB39-C3F9-4A32-AA8F-95474A40C99A}.Release|Any CPU.Build.0 = Release|Any CPU
		{6E9B324C-A49A-4160-AA4E-79FD7DF7B4D5}.Debug|Any CPU.ActiveCfg = Debug|Any CPU
		{6E9B324C-A49A-4160-AA4E-79FD7DF7B4D5}.Debug|Any CPU.Build.0 = Debug|Any CPU
		{6E9B324C-A49A-4160-AA4E-79FD7DF7B4D5}.Release|Any CPU.ActiveCfg = Release|Any CPU
		{6E9B324C-A49A-4160-AA4E-79FD7DF7B4D5}.Release|Any CPU.Build.0 = Release|Any CPU
		{785191C7-D009-48AB-A9C2-3ADCA27111EA}.Debug|Any CPU.ActiveCfg = Debug|Any CPU
		{785191C7-D009-48AB-A9C2-3ADCA27111EA}.Debug|Any CPU.Build.0 = Debug|Any CPU
		{785191C7-D009-48AB-A9C2-3ADCA27111EA}.Release|Any CPU.ActiveCfg = Release|Any CPU
		{785191C7-D009-48AB-A9C2-3ADCA27111EA}.Release|Any CPU.Build.0 = Release|Any CPU
		{1C52AD31-0305-44B3-88F6-2F8635662008}.Debug|Any CPU.ActiveCfg = Debug|Any CPU
		{1C52AD31-0305-44B3-88F6-2F8635662008}.Debug|Any CPU.Build.0 = Debug|Any CPU
		{1C52AD31-0305-44B3-88F6-2F8635662008}.Release|Any CPU.ActiveCfg = Release|Any CPU
		{1C52AD31-0305-44B3-88F6-2F8635662008}.Release|Any CPU.Build.0 = Release|Any CPU
		{05BD88A8-88E2-41EB-BDD2-CACB9E3CC916}.Debug|Any CPU.ActiveCfg = Debug|Any CPU
		{05BD88A8-88E2-41EB-BDD2-CACB9E3CC916}.Debug|Any CPU.Build.0 = Debug|Any CPU
		{05BD88A8-88E2-41EB-BDD2-CACB9E3CC916}.Release|Any CPU.ActiveCfg = Release|Any CPU
		{05BD88A8-88E2-41EB-BDD2-CACB9E3CC916}.Release|Any CPU.Build.0 = Release|Any CPU
		{EE436848-0BA8-4536-AAF0-54B73B295706}.Debug|Any CPU.ActiveCfg = Debug|Any CPU
		{EE436848-0BA8-4536-AAF0-54B73B295706}.Debug|Any CPU.Build.0 = Debug|Any CPU
		{EE436848-0BA8-4536-AAF0-54B73B295706}.Release|Any CPU.ActiveCfg = Release|Any CPU
		{EE436848-0BA8-4536-AAF0-54B73B295706}.Release|Any CPU.Build.0 = Release|Any CPU
		{F96DF022-57DD-488F-AD3C-2FBECA3DAA88}.Debug|Any CPU.ActiveCfg = Debug|Any CPU
		{F96DF022-57DD-488F-AD3C-2FBECA3DAA88}.Debug|Any CPU.Build.0 = Debug|Any CPU
		{F96DF022-57DD-488F-AD3C-2FBECA3DAA88}.Release|Any CPU.ActiveCfg = Release|Any CPU
		{F96DF022-57DD-488F-AD3C-2FBECA3DAA88}.Release|Any CPU.Build.0 = Release|Any CPU
		{5055672E-F7B3-4343-B619-A967E31227D5}.Debug|Any CPU.ActiveCfg = Debug|Any CPU
		{5055672E-F7B3-4343-B619-A967E31227D5}.Debug|Any CPU.Build.0 = Debug|Any CPU
		{5055672E-F7B3-4343-B619-A967E31227D5}.Release|Any CPU.ActiveCfg = Release|Any CPU
		{5055672E-F7B3-4343-B619-A967E31227D5}.Release|Any CPU.Build.0 = Release|Any CPU
		{BCA03050-A8AD-4AED-BCA6-22646253000C}.Debug|Any CPU.ActiveCfg = Debug|Any CPU
		{BCA03050-A8AD-4AED-BCA6-22646253000C}.Debug|Any CPU.Build.0 = Debug|Any CPU
		{BCA03050-A8AD-4AED-BCA6-22646253000C}.Release|Any CPU.ActiveCfg = Release|Any CPU
		{BCA03050-A8AD-4AED-BCA6-22646253000C}.Release|Any CPU.Build.0 = Release|Any CPU
		{E5BF23D5-42F3-45DA-B234-8FA003D483FB}.Debug|Any CPU.ActiveCfg = Debug|Any CPU
		{E5BF23D5-42F3-45DA-B234-8FA003D483FB}.Debug|Any CPU.Build.0 = Debug|Any CPU
		{E5BF23D5-42F3-45DA-B234-8FA003D483FB}.Release|Any CPU.ActiveCfg = Release|Any CPU
		{E5BF23D5-42F3-45DA-B234-8FA003D483FB}.Release|Any CPU.Build.0 = Release|Any CPU
		{F346082E-83FC-4EAF-85CD-0745958D50EA}.Debug|Any CPU.ActiveCfg = Debug|Any CPU
		{F346082E-83FC-4EAF-85CD-0745958D50EA}.Debug|Any CPU.Build.0 = Debug|Any CPU
		{F346082E-83FC-4EAF-85CD-0745958D50EA}.Release|Any CPU.ActiveCfg = Release|Any CPU
		{F346082E-83FC-4EAF-85CD-0745958D50EA}.Release|Any CPU.Build.0 = Release|Any CPU
		{E09A8C32-9047-4A50-A4D7-08F02E88E03C}.Debug|Any CPU.ActiveCfg = Debug|Any CPU
		{E09A8C32-9047-4A50-A4D7-08F02E88E03C}.Debug|Any CPU.Build.0 = Debug|Any CPU
		{E09A8C32-9047-4A50-A4D7-08F02E88E03C}.Release|Any CPU.ActiveCfg = Release|Any CPU
		{E09A8C32-9047-4A50-A4D7-08F02E88E03C}.Release|Any CPU.Build.0 = Release|Any CPU
		{B007486E-559F-4B9F-B14A-AD9485553E8D}.Debug|Any CPU.ActiveCfg = Debug|Any CPU
		{B007486E-559F-4B9F-B14A-AD9485553E8D}.Debug|Any CPU.Build.0 = Debug|Any CPU
		{B007486E-559F-4B9F-B14A-AD9485553E8D}.Release|Any CPU.ActiveCfg = Release|Any CPU
		{B007486E-559F-4B9F-B14A-AD9485553E8D}.Release|Any CPU.Build.0 = Release|Any CPU
		{C75A2C59-6D68-44D1-8B39-D82C1D940C14}.Debug|Any CPU.ActiveCfg = Debug|Any CPU
		{C75A2C59-6D68-44D1-8B39-D82C1D940C14}.Debug|Any CPU.Build.0 = Debug|Any CPU
		{C75A2C59-6D68-44D1-8B39-D82C1D940C14}.Release|Any CPU.ActiveCfg = Release|Any CPU
		{C75A2C59-6D68-44D1-8B39-D82C1D940C14}.Release|Any CPU.Build.0 = Release|Any CPU
	EndGlobalSection
EndGlobal
