
Microsoft Visual Studio Solution File, Format Version 12.00
Project("{2150E333-8FDC-42A3-9474-1A3956D46DE8}") = "Identity", "Identity", "{473D9E9B-01D9-41B3-8BC5-88D8EA08118E}"
EndProject
Project("{FAE04EC0-301F-11D3-BF4B-00C04F79EFBC}") = "Identity.Domain", "Identity\Identity.Domain\Identity.Domain.csproj", "{D612DDFB-D038-498A-9939-3D97F79E1055}"
EndProject
Project("{FAE04EC0-301F-11D3-BF4B-00C04F79EFBC}") = "Identity.Infrastructure", "Identity\Identity.Infrastructure\Identity.Infrastructure.csproj", "{196184FD-DE41-4023-9EE2-2B281D644220}"
EndProject
Project("{FAE04EC0-301F-11D3-BF4B-00C04F79EFBC}") = "Identity.Application", "Identity\Identity.Application\Identity.Application.csproj", "{119B0DC8-2EB9-449D-945D-133643ED19AF}"
EndProject
Project("{FAE04EC0-301F-11D3-BF4B-00C04F79EFBC}") = "Identity.ApplicatinContract", "Identity\Identity.ApplicatinContract\Identity.ApplicatinContract.csproj", "{06ADBFA9-B4B0-45C0-91F8-73238DFABAA1}"
EndProject
Project("{FAE04EC0-301F-11D3-BF4B-00C04F79EFBC}") = "Identity.API", "Identity\Identity.API\Identity.API.csproj", "{B3A5AD36-4053-45E3-8E31-498AD91AE6F4}"
EndProject
Project("{2150E333-8FDC-42A3-9474-1A3956D46DE8}") = "Emails", "Emails", "{DC06588B-FE39-4E2B-8EF9-3FC225FC638E}"
EndProject
Project("{FAE04EC0-301F-11D3-BF4B-00C04F79EFBC}") = "Emails.Domain", "Emails\Emails.Domain\Emails.Domain.csproj", "{8E207BD9-6F4C-46E7-A0DC-CB92E054364E}"
EndProject
Project("{FAE04EC0-301F-11D3-BF4B-00C04F79EFBC}") = "Emails.Infrastructure", "Emails\Emails.Infrastructure\Emails.Infrastructure.csproj", "{0E55FB39-C3F9-4A32-AA8F-95474A40C99A}"
EndProject
Project("{FAE04EC0-301F-11D3-BF4B-00C04F79EFBC}") = "Emails.Application", "Emails\Emails.Application\Emails.Application.csproj", "{6E9B324C-A49A-4160-AA4E-79FD7DF7B4D5}"
EndProject
Project("{2150E333-8FDC-42A3-9474-1A3956D46DE8}") = "Organization", "Organization", "{4783D1BF-EC40-4786-B07E-63BC3A6AC4E6}"
EndProject
Global
	GlobalSection(SolutionConfigurationPlatforms) = preSolution
		Debug|Any CPU = Debug|Any CPU
		Release|Any CPU = Release|Any CPU
	EndGlobalSection
	GlobalSection(NestedProjects) = preSolution
		{D612DDFB-D038-498A-9939-3D97F79E1055} = {473D9E9B-01D9-41B3-8BC5-88D8EA08118E}
		{196184FD-DE41-4023-9EE2-2B281D644220} = {473D9E9B-01D9-41B3-8BC5-88D8EA08118E}
		{119B0DC8-2EB9-449D-945D-133643ED19AF} = {473D9E9B-01D9-41B3-8BC5-88D8EA08118E}
		{06ADBFA9-B4B0-45C0-91F8-73238DFABAA1} = {473D9E9B-01D9-41B3-8BC5-88D8EA08118E}
		{B3A5AD36-4053-45E3-8E31-498AD91AE6F4} = {473D9E9B-01D9-41B3-8BC5-88D8EA08118E}
		{8E207BD9-6F4C-46E7-A0DC-CB92E054364E} = {DC06588B-FE39-4E2B-8EF9-3FC225FC638E}
		{0E55FB39-C3F9-4A32-AA8F-95474A40C99A} = {DC06588B-FE39-4E2B-8EF9-3FC225FC638E}
		{6E9B324C-A49A-4160-AA4E-79FD7DF7B4D5} = {DC06588B-FE39-4E2B-8EF9-3FC225FC638E}
	EndGlobalSection
	GlobalSection(ProjectConfigurationPlatforms) = postSolution
		{D612DDFB-D038-498A-9939-3D97F79E1055}.Debug|Any CPU.ActiveCfg = Debug|Any CPU
		{D612DDFB-D038-498A-9939-3D97F79E1055}.Debug|Any CPU.Build.0 = Debug|Any CPU
		{D612DDFB-D038-498A-9939-3D97F79E1055}.Release|Any CPU.ActiveCfg = Release|Any CPU
		{D612DDFB-D038-498A-9939-3D97F79E1055}.Release|Any CPU.Build.0 = Release|Any CPU
		{196184FD-DE41-4023-9EE2-2B281D644220}.Debug|Any CPU.ActiveCfg = Debug|Any CPU
		{196184FD-DE41-4023-9EE2-2B281D644220}.Debug|Any CPU.Build.0 = Debug|Any CPU
		{196184FD-DE41-4023-9EE2-2B281D644220}.Release|Any CPU.ActiveCfg = Release|Any CPU
		{196184FD-DE41-4023-9EE2-2B281D644220}.Release|Any CPU.Build.0 = Release|Any CPU
		{119B0DC8-2EB9-449D-945D-133643ED19AF}.Debug|Any CPU.ActiveCfg = Debug|Any CPU
		{119B0DC8-2EB9-449D-945D-133643ED19AF}.Debug|Any CPU.Build.0 = Debug|Any CPU
		{119B0DC8-2EB9-449D-945D-133643ED19AF}.Release|Any CPU.ActiveCfg = Release|Any CPU
		{119B0DC8-2EB9-449D-945D-133643ED19AF}.Release|Any CPU.Build.0 = Release|Any CPU
		{06ADBFA9-B4B0-45C0-91F8-73238DFABAA1}.Debug|Any CPU.ActiveCfg = Debug|Any CPU
		{06ADBFA9-B4B0-45C0-91F8-73238DFABAA1}.Debug|Any CPU.Build.0 = Debug|Any CPU
		{06ADBFA9-B4B0-45C0-91F8-73238DFABAA1}.Release|Any CPU.ActiveCfg = Release|Any CPU
		{06ADBFA9-B4B0-45C0-91F8-73238DFABAA1}.Release|Any CPU.Build.0 = Release|Any CPU
		{B3A5AD36-4053-45E3-8E31-498AD91AE6F4}.Debug|Any CPU.ActiveCfg = Debug|Any CPU
		{B3A5AD36-4053-45E3-8E31-498AD91AE6F4}.Debug|Any CPU.Build.0 = Debug|Any CPU
		{B3A5AD36-4053-45E3-8E31-498AD91AE6F4}.Release|Any CPU.ActiveCfg = Release|Any CPU
		{B3A5AD36-4053-45E3-8E31-498AD91AE6F4}.Release|Any CPU.Build.0 = Release|Any CPU
		{8E207BD9-6F4C-46E7-A0DC-CB92E054364E}.Debug|Any CPU.ActiveCfg = Debug|Any CPU
		{8E207BD9-6F4C-46E7-A0DC-CB92E054364E}.Debug|Any CPU.Build.0 = Debug|Any CPU
		{8E207BD9-6F4C-46E7-A0DC-CB92E054364E}.Release|Any CPU.ActiveCfg = Release|Any CPU
		{8E207BD9-6F4C-46E7-A0DC-CB92E054364E}.Release|Any CPU.Build.0 = Release|Any CPU
		{0E55FB39-C3F9-4A32-AA8F-95474A40C99A}.Debug|Any CPU.ActiveCfg = Debug|Any CPU
		{0E55FB39-C3F9-4A32-AA8F-95474A40C99A}.Debug|Any CPU.Build.0 = Debug|Any CPU
		{0E55FB39-C3F9-4A32-AA8F-95474A40C99A}.Release|Any CPU.ActiveCfg = Release|Any CPU
		{0E55FB39-C3F9-4A32-AA8F-95474A40C99A}.Release|Any CPU.Build.0 = Release|Any CPU
		{6E9B324C-A49A-4160-AA4E-79FD7DF7B4D5}.Debug|Any CPU.ActiveCfg = Debug|Any CPU
		{6E9B324C-A49A-4160-AA4E-79FD7DF7B4D5}.Debug|Any CPU.Build.0 = Debug|Any CPU
		{6E9B324C-A49A-4160-AA4E-79FD7DF7B4D5}.Release|Any CPU.ActiveCfg = Release|Any CPU
		{6E9B324C-A49A-4160-AA4E-79FD7DF7B4D5}.Release|Any CPU.Build.0 = Release|Any CPU
	EndGlobalSection
EndGlobal
